{
  "requires": true,
  "lockfileVersion": 1,
  "dependencies": {
    "@doctormckay/stdlib": {
      "version": "1.15.0",
      "resolved": "https://registry.npmjs.org/@doctormckay/stdlib/-/stdlib-1.15.0.tgz",
      "integrity": "sha512-2WaxuaCNYBkKX3qkNxj1HNBye2WcJ0RcO4oM4MVcCTS+5CsCE9XrPMdLzRh2yEiI+5f6eXG/H8624vKGeMPDLw=="
    },
    "file-manager": {
      "version": "2.0.1",
      "resolved": "https://registry.npmjs.org/file-manager/-/file-manager-2.0.1.tgz",
      "integrity": "sha512-y/K/1OCha04OXOxzo3cXJYtIzEk/CUMBb7Okipxueu0u+xCiuoocbwPyh1smUBasOobo4GAYmjgjD9Vh5zI51w==",
      "requires": {
        "@doctormckay/stdlib": "^1.14.1"
      }
    }
  }
}
